{
  "nodes": {
    "devenv": {
      "locked": {
        "dir": "src/modules",
        "lastModified": 1778783710,
        "narHash": "sha256-342rKZxCs1iFsywlTGY1fmQDBoRcEVcGEU0kL2Iz1uk=",
        "owner": "cachix",
        "repo": "devenv",
        "rev": "0a716bbc0e7a5c8ab115370039ecce1a6ad7cf0c",
        "type": "github"
      },
      "original": {
        "dir": "src/modules",
        "owner": "cachix",
        "repo": "devenv",
        "type": "github"
      }
    },
    "nixpkgs": {
      "locked": {
        "lastModified": 1778762200,
        "narHash": "sha256-NiOfW9nHPaDebfu3svLnJbljIMQgkEQnkm3orhePHPY=",
        "owner": "NixOS",
        "repo": "nixpkgs",
        "rev": "27198194e52129ccd8e845e7d5911911e7fea7d7",
        "type": "github"
      },
      "original": {
        "owner": "NixOS",
        "ref": "nixpkgs-unstable",
        "repo": "nixpkgs",
        "type": "github"
      }
    },
    "root": {
      "inputs": {
        "devenv": "devenv",
        "nixpkgs": "nixpkgs"
      }
    }
  },
  "root": "root",
  "version": 7
}